// !$*UTF8*$!
{
	archiveVersion = 1;
	classes = {
	};
	objectVersion = 46;
	objects = {

/* Begin PBXBuildFile section */
		F9C4E3771AF28E1B000E35AF /* main.m in Sources */ = {isa = PBXBuildFile; fileRef = F9C4E3761AF28E1B000E35AF /* main.m */; };
		F9C4E37A1AF28E1B000E35AF /* AppDelegate.m in Sources */ = {isa = PBXBuildFile; fileRef = F9C4E3791AF28E1B000E35AF /* AppDelegate.m */; };
		F9C4E37D1AF28E1B000E35AF /* ViewController.m in Sources */ = {isa = PBXBuildFile; fileRef = F9C4E37C1AF28E1B000E35AF /* ViewController.m */; };
		F9C4E3801AF28E1B000E35AF /* Main.storyboard in Resources */ = {isa = PBXBuildFile; fileRef = F9C4E37E1AF28E1B000E35AF /* Main.storyboard */; };
		F9C4E3821AF28E1B000E35AF /* Images.xcassets in Resources */ = {isa = PBXBuildFile; fileRef = F9C4E3811AF28E1B000E35AF /* Images.xcassets */; };
		F9C4E3851AF28E1B000E35AF /* LaunchScreen.xib in Resources */ = {isa = PBXBuildFile; fileRef = F9C4E3831AF28E1B000E35AF /* LaunchScreen.xib */; };
		F9C4E3911AF28E1B000E35AF /* test1Tests.m in Sources */ = {isa = PBXBuildFile; fileRef = F9C4E3901AF28E1B000E35AF /* test1Tests.m */; };
/* End PBXBuildFile section */

/* Begin PBXContainerItemProxy section */
		F9C4E38B1AF28E1B000E35AF /* PBXContainerItemProxy */ = {
			isa = PBXContainerItemProxy;
			containerPortal = F9C4E3691AF28E1B000E35AF /* Project object */;
			proxyType = 1;
			remoteGlobalIDString = F9C4E3701AF28E1B000E35AF;
			remoteInfo = test1;
		};
/* End PBXContainerItemProxy section */

/* Begin PBXFileReference section */
		F9C4E3711AF28E1B000E35AF /* test1.app */ = {isa = PBXFileReference; explicitFileType = wrapper.application; includeInIndex = 0; path = test1.app; sourceTree = BUILT_PRODUCTS_DIR; };
		F9C4E3751AF28E1B000E35AF /* Info.plist */ = {isa = PBXFileReference; lastKnownFileType = text.plist.xml; path = Info.plist; sourceTree = "<group>"; };
		F9C4E3761AF28E1B000E35AF /* main.m */ = {isa = PBXFileReference; lastKnownFileType = sourcecode.c.objc; path = main.m; sourceTree = "<group>"; };
		F9C4E3781AF28E1B000E35AF /* AppDelegate.h */ = {isa = PBXFileReference; lastKnownFileType = sourcecode.c.h; path = AppDelegate.h; sourceTree = "<group>"; };
		F9C4E3791AF28E1B000E35AF /* AppDelegate.m */ = {isa = PBXFileReference; lastKnownFileType = sourcecode.c.objc; path = AppDelegate.m; sourceTree = "<group>"; };
		F9C4E37B1AF28E1B000E35AF /* ViewController.h */ = {isa = PBXFileReference; lastKnownFileType = sourcecode.c.h; path = ViewController.h; sourceTree = "<group>"; };
		F9C4E37C1AF28E1B000E35AF /* ViewController.m */ = {isa = PBXFileReference; lastKnownFileType = sourcecode.c.objc; path = ViewController.m; sourceTree = "<group>"; };
		F9C4E37F1AF28E1B000E35AF /* Base */ = {isa = PBXFileReference; lastKnownFileType = file.storyboard; name = Base; path = Base.lproj/Main.storyboard; sourceTree = "<group>"; };
		F9C4E3811AF28E1B000E35AF /* Images.xcassets */ = {isa = PBXFileReference; lastKnownFileType = folder.assetcatalog; path = Images.xcassets; sourceTree = "<group>"; };
		F9C4E3841AF28E1B000E35AF /* Base */ = {isa = PBXFileReference; lastKnownFileType = file.xib; name = Base; path = Base.lproj/LaunchScreen.xib; sourceTree = "<group>"; };
		F9C4E38A1AF28E1B000E35AF /* test1Tests.xctest */ = {isa = PBXFileReference; explicitFileType = wrapper.cfbundle; includeInIndex = 0; path = test1Tests.xctest; sourceTree = BUILT_PRODUCTS_DIR; };
		F9C4E38F1AF28E1B000E35AF /* Info.plist */ = {isa = PBXFileReference; lastKnownFileType = text.plist.xml; path = Info.plist; sourceTree = "<group>"; };
		F9C4E3901AF28E1B000E35AF /* test1Tests.m */ = {isa = PBXFileReference; lastKnownFileType = sourcecode.c.objc; path = test1Tests.m; sourceTree = "<group>"; };
/* End PBXFileReference section */

/* Begin PBXFrameworksBuildPhase section */
		F9C4E36E1AF28E1B000E35AF /* Frameworks */ = {
			isa = PBXFrameworksBuildPhase;
			buildActionMask = 2147483647;
			files = (
			);
			runOnlyForDeploymentPostprocessing = 0;
		};
		F9C4E3871AF28E1B000E35AF /* Frameworks */ = {
			isa = PBXFrameworksBuildPhase;
			buildActionMask = 2147483647;
			files = (
			);
			runOnlyForDeploymentPostprocessing = 0;
		};
/* End PBXFrameworksBuildPhase section */

/* Begin PBXGroup section */
		F9C4E3681AF28E1B000E35AF = {
			isa = PBXGroup;
			children = (
				F9C4E3731AF28E1B000E35AF /* test1 */,
				F9C4E38D1AF28E1B000E35AF /* test1Tests */,
				F9C4E3721AF28E1B000E35AF /* Products */,
			);
			sourceTree = "<group>";
		};
		F9C4E3721AF28E1B000E35AF /* Products */ = {
			isa = PBXGroup;
			children = (
				F9C4E3711AF28E1B000E35AF /* test1.app */,
				F9C4E38A1AF28E1B000E35AF /* test1Tests.xctest */,
			);
			name = Products;
			sourceTree = "<group>";
		};
		F9C4E3731AF28E1B000E35AF /* test1 */ = {
			isa = PBXGroup;
			children = (
				F9C4E3781AF28E1B000E35AF /* AppDelegate.h */,
				F9C4E3791AF28E1B000E35AF /* AppDelegate.m */,
				F9C4E37B1AF28E1B000E35AF /* ViewController.h */,
				F9C4E37C1AF28E1B000E35AF /* ViewController.m */,
				F9C4E37E1AF28E1B000E35AF /* Main.storyboard */,
				F9C4E3811AF28E1B000E35AF /* Images.xcassets */,
				F9C4E3831AF28E1B000E35AF /* LaunchScreen.xib */,
				F9C4E3741AF28E1B000E35AF /* Supporting Files */,
			);
			path = test1;
			sourceTree = "<group>";
		};
		F9C4E3741AF28E1B000E35AF /* Supporting Files */ = {
			isa = PBXGroup;
			children = (
				F9C4E3751AF28E1B000E35AF /* Info.plist */,
				F9C4E3761AF28E1B000E35AF /* main.m */,
			);
			name = "Supporting Files";
			sourceTree = "<group>";
		};
		F9C4E38D1AF28E1B000E35AF /* test1Tests */ = {
			isa = PBXGroup;
			children = (
				F9C4E3901AF28E1B000E35AF /* test1Tests.m */,
				F9C4E38E1AF28E1B000E35AF /* Supporting Files */,
			);
			path = test1Tests;
			sourceTree = "<group>";
		};
		F9C4E38E1AF28E1B000E35AF /* Supporting Files */ = {
			isa = PBXGroup;
			children = (
				F9C4E38F1AF28E1B000E35AF /* Info.plist */,
			);
			name = "Supporting Files";
			sourceTree = "<group>";
		};
/* End PBXGroup section */

/* Begin PBXNativeTarget section */
		F9C4E3701AF28E1B000E35AF /* test1 */ = {
			isa = PBXNativeTarget;
			buildConfigurationList = F9C4E3941AF28E1B000E35AF /* Build configuration list for PBXNativeTarget "test1" */;
			buildPhases = (
				F9C4E36D1AF28E1B000E35AF /* Sources */,
				F9C4E36E1AF28E1B000E35AF /* Frameworks */,
				F9C4E36F1AF28E1B000E35AF /* Resources */,
			);
			buildRules = (
			);
			dependencies = (
			);
			name = test1;
			productName = test1;
			productReference = F9C4E3711AF28E1B000E35AF /* test1.app */;
			productType = "com.apple.product-type.application";
		};
		F9C4E3891AF28E1B000E35AF /* test1Tests */ = {
			isa = PBXNativeTarget;
			buildConfigurationList = F9C4E3971AF28E1B000E35AF /* Build configuration list for PBXNativeTarget "test1Tests" */;
			buildPhases = (
				F9C4E3861AF28E1B000E35AF /* Sources */,
				F9C4E3871AF28E1B000E35AF /* Frameworks */,
				F9C4E3881AF28E1B000E35AF /* Resources */,
			);
			buildRules = (
			);
			dependencies = (
				F9C4E38C1AF28E1B000E35AF /* PBXTargetDependency */,
			);
			name = test1Tests;
			productName = test1Tests;
			productReference = F9C4E38A1AF28E1B000E35AF /* test1Tests.xctest */;
			productType = "com.apple.product-type.bundle.unit-test";
		};
/* End PBXNativeTarget section */

/* Begin PBXProject section */
		F9C4E3691AF28E1B000E35AF /* Project object */ = {
			isa = PBXProject;
			attributes = {
				LastUpgradeCheck = 0630;
				ORGANIZATIONNAME = "堵路路";
				TargetAttributes = {
					F9C4E3701AF28E1B000E35AF = {
						CreatedOnToolsVersion = 6.3.1;
					};
					F9C4E3891AF28E1B000E35AF = {
						CreatedOnToolsVersion = 6.3.1;
						TestTargetID = F9C4E3701AF28E1B000E35AF;
					};
				};
			};
			buildConfigurationList = F9C4E36C1AF28E1B000E35AF /* Build configuration list for PBXProject "test1" */;
			compatibilityVersion = "Xcode 3.2";
			developmentRegion = English;
			hasScannedForEncodings = 0;
			knownRegions = (
				en,
				Base,
			);
			mainGroup = F9C4E3681AF28E1B000E35AF;
			productRefGroup = F9C4E3721AF28E1B000E35AF /* Products */;
			projectDirPath = "";
			projectRoot = "";
			targets = (
				F9C4E3701AF28E1B000E35AF /* test1 */,
				F9C4E3891AF28E1B000E35AF /* test1Tests */,
			);
		};
/* End PBXProject section */

/* Begin PBXResourcesBuildPhase section */
		F9C4E36F1AF28E1B000E35AF /* Resources */ = {
			isa = PBXResourcesBuildPhase;
			buildActionMask = 2147483647;
			files = (
				F9C4E3801AF28E1B000E35AF /* Main.storyboard in Resources */,
				F9C4E3851AF28E1B000E35AF /* LaunchScreen.xib in Resources */,
				F9C4E3821AF28E1B000E35AF /* Images.xcassets in Resources */,
			);
			runOnlyForDeploymentPostprocessing = 0;
		};
		F9C4E3881AF28E1B000E35AF /* Resources */ = {
			isa = PBXResourcesBuildPhase;
			buildActionMask = 2147483647;
			files = (
			);
			runOnlyForDeploymentPostprocessing = 0;
		};
/* End PBXResourcesBuildPhase section */

/* Begin PBXSourcesBuildPhase section */
		F9C4E36D1AF28E1B000E35AF /* Sources */ = {
			isa = PBXSourcesBuildPhase;
			buildActionMask = 2147483647;
			files = (
				F9C4E37D1AF28E1B000E35AF /* ViewController.m in Sources */,
				F9C4E37A1AF28E1B000E35AF /* AppDelegate.m in Sources */,
				F9C4E3771AF28E1B000E35AF /* main.m in Sources */,
			);
			runOnlyForDeploymentPostprocessing = 0;
		};
		F9C4E3861AF28E1B000E35AF /* Sources */ = {
			isa = PBXSourcesBuildPhase;
			buildActionMask = 2147483647;
			files = (
				F9C4E3911AF28E1B000E35AF /* test1Tests.m in Sources */,
			);
			runOnlyForDeploymentPostprocessing = 0;
		};
/* End PBXSourcesBuildPhase section */

/* Begin PBXTargetDependency section */
		F9C4E38C1AF28E1B000E35AF /* PBXTargetDependency */ = {
			isa = PBXTargetDependency;
			target = F9C4E3701AF28E1B000E35AF /* test1 */;
			targetProxy = F9C4E38B1AF28E1B000E35AF /* PBXContainerItemProxy */;
		};
/* End PBXTargetDependency section */

/* Begin PBXVariantGroup section */
		F9C4E37E1AF28E1B000E35AF /* Main.storyboard */ = {
			isa = PBXVariantGroup;
			children = (
				F9C4E37F1AF28E1B000E35AF /* Base */,
			);
			name = Main.storyboard;
			sourceTree = "<group>";
		};
		F9C4E3831AF28E1B000E35AF /* LaunchScreen.xib */ = {
			isa = PBXVariantGroup;
			children = (
				F9C4E3841AF28E1B000E35AF /* Base */,
			);
			name = LaunchScreen.xib;
			sourceTree = "<group>";
		};
/* End PBXVariantGroup section */

/* Begin XCBuildConfiguration section */
		F9C4E3921AF28E1B000E35AF /* Debug */ = {
			isa = XCBuildConfiguration;
			buildSettings = {
				ALWAYS_SEARCH_USER_PATHS = NO;
				CLANG_CXX_LANGUAGE_STANDARD = "gnu++0x";
				CLANG_CXX_LIBRARY = "libc++";
				CLANG_ENABLE_MODULES = YES;
				CLANG_ENABLE_OBJC_ARC = YES;
				CLANG_WARN_BOOL_CONVERSION = YES;
				CLANG_WARN_CONSTANT_CONVERSION = YES;
				CLANG_WARN_DIRECT_OBJC_ISA_USAGE = YES_ERROR;
				CLANG_WARN_EMPTY_BODY = YES;
				CLANG_WARN_ENUM_CONVERSION = YES;
				CLANG_WARN_INT_CONVERSION = YES;
				CLANG_WARN_OBJC_ROOT_CLASS = YES_ERROR;
				CLANG_WARN_UNREACHABLE_CODE = YES;
				CLANG_WARN__DUPLICATE_METHOD_MATCH = YES;
				"CODE_SIGN_IDENTITY[sdk=iphoneos*]" = "iPhone Developer";
				COPY_PHASE_STRIP = NO;
				DEBUG_INFORMATION_FORMAT = "dwarf-with-dsym";
				ENABLE_STRICT_OBJC_MSGSEND = YES;
				GCC_C_LANGUAGE_STANDARD = gnu99;
				GCC_DYNAMIC_NO_PIC = NO;
				GCC_NO_COMMON_BLOCKS = YES;
				GCC_OPTIMIZATION_LEVEL = 0;
				GCC_PREPROCESSOR_DEFINITIONS = (
					"DEBUG=1",
					"$(inherited)",
				);
				GCC_SYMBOLS_PRIVATE_EXTERN = NO;
				GCC_WARN_64_TO_32_BIT_CONVERSION = YES;
				GCC_WARN_ABOUT_RETURN_TYPE = YES_ERROR;
				GCC_WARN_UNDECLARED_SELECTOR = YES;
				GCC_WARN_UNINITIALIZED_AUTOS = YES_AGGRESSIVE;
				GCC_WARN_UNUSED_FUNCTION = YES;
				GCC_WARN_UNUSED_VARIABLE = YES;
				IPHONEOS_DEPLOYMENT_TARGET = 8.3;
				MTL_ENABLE_DEBUG_INFO = YES;
				ONLY_ACTIVE_ARCH = YES;
				SDKROOT = iphoneos;
			};
			name = Debug;
		};
		F9C4E3931AF28E1B000E35AF /* Release */ = {
			isa = XCBuildConfiguration;
			buildSettings = {
				ALWAYS_SEARCH_USER_PATHS = NO;
				CLANG_CXX_LANGUAGE_STANDARD = "gnu++0x";
				CLANG_CXX_LIBRARY = "libc++";
				CLANG_ENABLE_MODULES = YES;
				CLANG_ENABLE_OBJC_ARC = YES;
				CLANG_WARN_BOOL_CONVERSION = YES;
				CLANG_WARN_CONSTANT_CONVERSION = YES;
				CLANG_WARN_DIRECT_OBJC_ISA_USAGE = YES_ERROR;
				CLANG_WARN_EMPTY_BODY = YES;
				CLANG_WARN_ENUM_CONVERSION = YES;
				CLANG_WARN_INT_CONVERSION = YES;
				CLANG_WARN_OBJC_ROOT_CLASS = YES_ERROR;
				CLANG_WARN_UNREACHABLE_CODE = YES;
				CLANG_WARN__DUPLICATE_METHOD_MATCH = YES;
				"CODE_SIGN_IDENTITY[sdk=iphoneos*]" = "iPhone Developer";
				COPY_PHASE_STRIP = NO;
				DEBUG_INFORMATION_FORMAT = "dwarf-with-dsym";
				ENABLE_NS_ASSERTIONS = NO;
				ENABLE_STRICT_OBJC_MSGSEND = YES;
				GCC_C_LANGUAGE_STANDARD = gnu99;
				GCC_NO_COMMON_BLOCKS = YES;
				GCC_WARN_64_TO_32_BIT_CONVERSION = YES;
				GCC_WARN_ABOUT_RETURN_TYPE = YES_ERROR;
				GCC_WARN_UNDECLARED_SELECTOR = YES;
				GCC_WARN_UNINITIALIZED_AUTOS = YES_AGGRESSIVE;
				GCC_WARN_UNUSED_FUNCTION = YES;
				GCC_WARN_UNUSED_VARIABLE = YES;
				IPHONEOS_DEPLOYMENT_TARGET = 8.3;
				MTL_ENABLE_DEBUG_INFO = NO;
				SDKROOT = iphoneos;
				VALIDATE_PRODUCT = YES;
			};
			name = Release;
		};
		F9C4E3951AF28E1B000E35AF /* Debug */ = {
			isa = XCBuildConfiguration;
			buildSettings = {
				ASSETCATALOG_COMPILER_APPICON_NAME = AppIcon;
				INFOPLIST_FILE = test1/Info.plist;
				LD_RUNPATH_SEARCH_PATHS = "$(inherited) @executable_path/Frameworks";
				PRODUCT_NAME = "$(TARGET_NAME)";
			};
			name = Debug;
		};
		F9C4E3961AF28E1B000E35AF /* Release */ = {
			isa = XCBuildConfiguration;
			buildSettings = {
				ASSETCATALOG_COMPILER_APPICON_NAME = AppIcon;
				INFOPLIST_FILE = test1/Info.plist;
				LD_RUNPATH_SEARCH_PATHS = "$(inherited) @executable_path/Frameworks";
				PRODUCT_NAME = "$(TARGET_NAME)";
			};
			name = Release;
		};
		F9C4E3981AF28E1B000E35AF /* Debug */ = {
			isa = XCBuildConfiguration;
			buildSettings = {
				BUNDLE_LOADER = "$(TEST_HOST)";
				FRAMEWORK_SEARCH_PATHS = (
					"$(SDKROOT)/Developer/Library/Frameworks",
					"$(inherited)",
				);
				GCC_PREPROCESSOR_DEFINITIONS = (
					"DEBUG=1",
					"$(inherited)",
				);
				INFOPLIST_FILE = test1Tests/Info.plist;
				LD_RUNPATH_SEARCH_PATHS = "$(inherited) @executable_path/Frameworks @loader_path/Frameworks";
				PRODUCT_NAME = "$(TARGET_NAME)";
				TEST_HOST = "$(BUILT_PRODUCTS_DIR)/test1.app/test1";
			};
			name = Debug;
		};
		F9C4E3991AF28E1B000E35AF /* Release */ = {
			isa = XCBuildConfiguration;
			buildSettings = {
				BUNDLE_LOADER = "$(TEST_HOST)";
				FRAMEWORK_SEARCH_PATHS = (
					"$(SDKROOT)/Developer/Library/Frameworks",
					"$(inherited)",
				);
				INFOPLIST_FILE = test1Tests/Info.plist;
				LD_RUNPATH_SEARCH_PATHS = "$(inherited) @executable_path/Frameworks @loader_path/Frameworks";
				PRODUCT_NAME = "$(TARGET_NAME)";
				TEST_HOST = "$(BUILT_PRODUCTS_DIR)/test1.app/test1";
			};
			name = Release;
		};
/* End XCBuildConfiguration section */

/* Begin XCConfigurationList section */
		F9C4E36C1AF28E1B000E35AF /* Build configuration list for PBXProject "test1" */ = {
			isa = XCConfigurationList;
			buildConfigurations = (
				F9C4E3921AF28E1B000E35AF /* Debug */,
				F9C4E3931AF28E1B000E35AF /* Release */,
			);
			defaultConfigurationIsVisible = 0;
			defaultConfigurationName = Release;
		};
		F9C4E3941AF28E1B000E35AF /* Build configuration list for PBXNativeTarget "test1" */ = {
			isa = XCConfigurationList;
			buildConfigurations = (
				F9C4E3951AF28E1B000E35AF /* Debug */,
				F9C4E3961AF28E1B000E35AF /* Release */,
			);
			defaultConfigurationIsVisible = 0;
		};
		F9C4E3971AF28E1B000E35AF /* Build configuration list for PBXNativeTarget "test1Tests" */ = {
			isa = XCConfigurationList;
			buildConfigurations = (
				F9C4E3981AF28E1B000E35AF /* Debug */,
				F9C4E3991AF28E1B000E35AF /* Release */,
			);
			defaultConfigurationIsVisible = 0;
		};
/* End XCConfigurationList section */
	};
	rootObject = F9C4E3691AF28E1B000E35AF /* Project object */;
}
